<Solution>
  <Folder Name="/Contellation.Libraries/">
    <Project Path="Contellation.Libraries/Contellation.Custom.Controls/Contellation.Custom.Controls.shproj" Id="06f558cb-246e-405c-9d96-92d9211c4a20" />
    <Project Path="Contellation.Libraries/Contellation.Custom.Converters/Contellation.Custom.Converters.shproj" Id="e33492e2-67ed-4b9a-aaa9-6c74615a74e1" />
    <Project Path="Contellation.Libraries/Contellation.Custom.Enums/Contellation.Custom.Enums.shproj" Id="7e8c6b8b-6db5-4b5c-b6f9-f296b16ebb04" />
    <Project Path="Contellation.Libraries/Contellation.Custom.Events/Contellation.Custom.Events.shproj" Id="2b67df84-d231-43bb-8224-89f123fb4bf2" />
    <Project Path="Contellation.Libraries/Contellation.Custom.Extensions/Contellation.Custom.Extensions.shproj" Id="8b21d221-e3d9-4338-840e-fc94524a77c1" />
    <Project Path="Contellation.Libraries/Contellation.Custom.Handlers/Contellation.Custom.Handlers.shproj" Id="cb5eeca5-5c3b-4062-af05-8a3a25d76437" />
    <Project Path="Contellation.Libraries/Contellation.Custom.Helpers/Contellation.Custom.Helpers.shproj" Id="c4c49311-613a-4941-8880-62e38d681e8c" />
    <Project Path="Contellation.Libraries/Contellation.Custom.Interactivities/Contellation.Custom.Interactivities.shproj" Id="8d88b1bc-b41b-4e8d-b43c-ca6363ae1746" />
    <Project Path="Contellation.Libraries/Contellation.Custom.Interfaces/Contellation.Custom.Interfaces.shproj" Id="c82544c1-ccd7-4ec0-b303-78b2327d1f75" />
    <Project Path="Contellation.Libraries/Contellation.Custom.Interops/Contellation.Custom.Interops.shproj" Id="04cd4ed3-8a72-4831-8e59-b3714d47a42c" />
    <Project Path="Contellation.Libraries/Contellation.Custom.Structs/Contellation.Custom.Structs.shproj" Id="ce5ee9d7-8a06-4c4d-9ca9-994856fd54fd" />
    <Project Path="Contellation.Libraries/Contellation.Custom/Contellation.Custom.csproj" />
  </Folder>
  <Project Path="Contellation.Desktop/Contellation.Desktop.csproj" />
</Solution>
