<Solution>
  <Folder Name="/Contellation.Libraries/">
    <Project Path="Contellation.Libraries/Contellation.Custom.Controls/Contellation.Custom.Controls.shproj" Id="06f558cb-246e-405c-9d96-92d9211c4a20" />
    <Project Path="Contellation.Libraries/Contellation.Custom.Converters/Contellation.Custom.Converters.shproj" Id="e33492e2-67ed-4b9a-aaa9-6c74615a74e1" />
    <Project Path="Contellation.Libraries/Contellation.Custom/Contellation.Custom.csproj" />
  </Folder>
  <Project Path="Contellation.Desktop/Contellation.Desktop.csproj" />
</Solution>
